
Microsoft Visual Studio Solution File, Format Version 12.00
# Visual Studio Version 17
VisualStudioVersion = 17.11.35312.102
MinimumVisualStudioVersion = 10.0.40219.1
Project("{FAE04EC0-301F-11D3-BF4B-00C04F79EFBC}") = "UserManagement", "UserManagement\UserManagement.csproj", "{663CE1A0-D68F-4A08-A674-835E7EACB79A}"
EndProject
Global
	GlobalSection(SolutionConfigurationPlatforms) = preSolution
		Debug|Any CPU = Debug|Any CPU
		Release|Any CPU = Release|Any CPU
	EndGlobalSection
	GlobalSection(ProjectConfigurationPlatforms) = postSolution
		{663CE1A0-D68F-4A08-A674-835E7EACB79A}.Debug|Any CPU.ActiveCfg = Debug|Any CPU
		{663CE1A0-D68F-4A08-A674-835E7EACB79A}.Debug|Any CPU.Build.0 = Debug|Any CPU
		{663CE1A0-D68F-4A08-A674-835E7EACB79A}.Release|Any CPU.ActiveCfg = Release|Any CPU
		{663CE1A0-D68F-4A08-A674-835E7EACB79A}.Release|Any CPU.Build.0 = Release|Any CPU
	EndGlobalSection
	GlobalSection(SolutionProperties) = preSolution
		HideSolutionNode = FALSE
	EndGlobalSection
	GlobalSection(ExtensibilityGlobals) = postSolution
		SolutionGuid = {107EA8F8-6E0F-447A-863B-262183F72737}
	EndGlobalSection
EndGlobal
